<?xml version="1.0" encoding="utf-8"?>
<Project ToolsVersion="4.0" xmlns="http://schemas.microsoft.com/developer/msbuild/2003">
  <ItemGroup>
    <ClCompile Include="src\EnemyComponent.cpp" />
    <ClCompile Include="src\EnemyActor.cpp" />
    <ClCompile Include="src\BattleComponent.cpp" />
    <ClCompile Include="src\MapComponent.cpp" />
    <ClCompile Include="src\Parameter.cpp" />
    <ClCompile Include="src\PlayerActor.cpp" />
    <ClCompile Include="src\PlayerComponent.cpp" />
    <ClCompile Include="src\AnimationComponent.cpp" />
    <ClCompile Include="src\AnimSeq.cpp" />
    <ClCompile Include="src\InputManager.cpp" />
    <ClCompile Include="src\CollisionComponent.cpp" />
    <ClCompile Include="src\CollisionManager.cpp" />
    <ClCompile Include="src\CollisionObj.cpp" />
    <ClCompile Include="src\FontRendererComponent.cpp" />
    <ClCompile Include="src\GameMainCtrlComponent.cpp" />
    <ClCompile Include="src\Define.cpp" />
    <ClCompile Include="src\GameActor.cpp" />
    <ClCompile Include="src\GameState.cpp" />
    <ClCompile Include="src\LoadCSVFile.cpp" />
    <ClCompile Include="src\main.cpp" />
    <ClCompile Include="src\ofApp.cpp" />
    <ClCompile Include="src\MoveComponent.cpp" />
    <ClCompile Include="src\SoundManager.cpp" />
    <ClCompile Include="src\SpriteComponent.cpp" />
    <ClCompile Include="src\EnemyObject.cpp" />
  </ItemGroup>
  <ItemGroup>
    <ClInclude Include="src\EnemyComponent.h" />
    <ClInclude Include="src\EnemyActor.h" />
    <ClInclude Include="src\BattleComponent.h" />
    <ClInclude Include="src\MapComponent.h" />
    <ClInclude Include="src\Parameter.h" />
    <ClInclude Include="src\PlayerActor.h" />
    <ClInclude Include="src\AnimationComponent.h" />
    <ClInclude Include="src\AnimSeq.h" />
    <ClInclude Include="src\InputManager.h" />
    <ClInclude Include="src\PlayerComponent.h" />
    <ClInclude Include="src\ResourceManager.h" />
    <ClInclude Include="src\CollisionComponent.h" />
    <ClInclude Include="src\CollisionManager.h" />
    <ClInclude Include="src\CollisionObj.h" />
    <ClInclude Include="src\FontRendererComponent.h" />
    <ClInclude Include="src\GameMainCtrlComponent.h" />
    <ClInclude Include="src\Component.h" />
    <ClInclude Include="src\Define.h" />
    <ClInclude Include="src\GameActor.h" />
    <ClInclude Include="src\GameState.h" />
    <ClInclude Include="src\LoadCSVFile.h" />
    <ClInclude Include="src\ofApp.h" />
    <ClInclude Include="src\MoveComponent.h" />
    <ClInclude Include="src\SoundManager.h" />
    <ClInclude Include="src\SpriteComponent.h" />
    <ClInclude Include="src\stdComponent.h" />
    <ClInclude Include="src\stdMgr.h" />
    <ClInclude Include="src\EnemyObject.h" />
    <ClInclude Include="src\EnemyType.h" />
  </ItemGroup>
  <ItemGroup>
    <ResourceCompile Include="icon.rc" />
  </ItemGroup>
  <ItemGroup>
    <None Include="ClassDiagram.cd" />
  </ItemGroup>
</Project>