<?xml version="1.0" encoding="utf-8"?>
<Project ToolsVersion="4.0" xmlns="http://schemas.microsoft.com/developer/msbuild/2003">
  <ItemGroup>
    <ClCompile Include="..\..\..\addons\ofxGui\src\ofxBaseGui.cpp">
      <Filter>addons\ofxGui\src</Filter>
    </ClCompile>
    <ClCompile Include="..\..\..\addons\ofxGui\src\ofxButton.cpp">
      <Filter>addons\ofxGui\src</Filter>
    </ClCompile>
    <ClCompile Include="..\..\..\addons\ofxGui\src\ofxColorPicker.cpp">
      <Filter>addons\ofxGui\src</Filter>
    </ClCompile>
    <ClCompile Include="..\..\..\addons\ofxGui\src\ofxGuiGroup.cpp">
      <Filter>addons\ofxGui\src</Filter>
    </ClCompile>
    <ClCompile Include="..\..\..\addons\ofxGui\src\ofxInputField.cpp">
      <Filter>addons\ofxGui\src</Filter>
    </ClCompile>
    <ClCompile Include="..\..\..\addons\ofxGui\src\ofxLabel.cpp">
      <Filter>addons\ofxGui\src</Filter>
    </ClCompile>
    <ClCompile Include="..\..\..\addons\ofxGui\src\ofxPanel.cpp">
      <Filter>addons\ofxGui\src</Filter>
    </ClCompile>
    <ClCompile Include="..\..\..\addons\ofxGui\src\ofxSlider.cpp">
      <Filter>addons\ofxGui\src</Filter>
    </ClCompile>
    <ClCompile Include="..\..\..\addons\ofxGui\src\ofxSliderGroup.cpp">
      <Filter>addons\ofxGui\src</Filter>
    </ClCompile>
    <ClCompile Include="..\..\..\addons\ofxGui\src\ofxToggle.cpp">
      <Filter>addons\ofxGui\src</Filter>
    </ClCompile>
    <ClCompile Include="src\Font.cpp">
      <Filter>src</Filter>
    </ClCompile>
    <ClCompile Include="src\Renderer.cpp">
      <Filter>src</Filter>
    </ClCompile>
    <ClCompile Include="src\Texture.cpp">
      <Filter>src</Filter>
    </ClCompile>
    <ClCompile Include="src\BattleHUD.cpp">
      <Filter>src</Filter>
    </ClCompile>
    <ClCompile Include="src\UIFont.cpp">
      <Filter>src</Filter>
    </ClCompile>
    <ClCompile Include="src\UISprite.cpp">
      <Filter>src</Filter>
    </ClCompile>
    <ClCompile Include="src\UICommon.cpp">
      <Filter>src</Filter>
    </ClCompile>
    <ClCompile Include="src\UIPanel.cpp">
      <Filter>src</Filter>
    </ClCompile>
    <ClCompile Include="src\UIButton.cpp">
      <Filter>src</Filter>
    </ClCompile>
    <ClCompile Include="src\InputManager.cpp" />
    <ClCompile Include="src\CollisionComponent.cpp" />
    <ClCompile Include="src\CollisionManager.cpp" />
    <ClCompile Include="src\CollisionObj.cpp" />
    <ClCompile Include="src\FontRendererComponent.cpp" />
    <ClCompile Include="src\GameMainCtrlComponent.cpp" />
    <ClCompile Include="src\Define.cpp" />
    <ClCompile Include="src\GameActor.cpp" />
    <ClCompile Include="src\GameState.cpp" />
    <ClCompile Include="src\main.cpp" />
    <ClCompile Include="src\ofApp.cpp" />
    <ClCompile Include="src\MoveComponent.cpp" />
    <ClCompile Include="src\SoundManager.cpp" />
    <ClCompile Include="src\SpriteComponent.cpp" />
    <ClCompile Include="src\AnimationComponent.cpp">
      <Filter>src</Filter>
    </ClCompile>
    <ClCompile Include="src\AnimSeq.cpp">
      <Filter>src</Filter>
    </ClCompile>
    <ClCompile Include="src\BattleComponent.cpp">
      <Filter>src</Filter>
    </ClCompile>
    <ClCompile Include="src\CollisionComponent.cpp">
      <Filter>src</Filter>
    </ClCompile>
    <ClCompile Include="src\CollisionManager.cpp">
      <Filter>src</Filter>
    </ClCompile>
    <ClCompile Include="src\CollisionObj.cpp">
      <Filter>src</Filter>
    </ClCompile>
    <ClCompile Include="src\Define.cpp">
      <Filter>src</Filter>
    </ClCompile>
    <ClCompile Include="src\EnemyActor.cpp">
      <Filter>src</Filter>
    </ClCompile>
    <ClCompile Include="src\EnemyComponent.cpp">
      <Filter>src</Filter>
    </ClCompile>
    <ClCompile Include="src\EnemyObject.cpp">
      <Filter>src</Filter>
    </ClCompile>
    <ClCompile Include="src\FontRendererComponent.cpp">
      <Filter>src</Filter>
    </ClCompile>
    <ClCompile Include="src\GameActor.cpp">
      <Filter>src</Filter>
    </ClCompile>
    <ClCompile Include="src\GameMainCtrlComponent.cpp">
      <Filter>src</Filter>
    </ClCompile>
    <ClCompile Include="src\GameState.cpp">
      <Filter>src</Filter>
    </ClCompile>
    <ClCompile Include="src\InputManager.cpp">
      <Filter>src</Filter>
    </ClCompile>
    <ClCompile Include="src\main.cpp">
      <Filter>src</Filter>
    </ClCompile>
    <ClCompile Include="src\MapComponent.cpp">
      <Filter>src</Filter>
    </ClCompile>
    <ClCompile Include="src\MoveComponent.cpp">
      <Filter>src</Filter>
    </ClCompile>
    <ClCompile Include="src\ofApp.cpp">
      <Filter>src</Filter>
    </ClCompile>
    <ClCompile Include="src\Parameter.cpp">
      <Filter>src</Filter>
    </ClCompile>
    <ClCompile Include="src\PlayerActor.cpp">
      <Filter>src</Filter>
    </ClCompile>
    <ClCompile Include="src\PlayerComponent.cpp">
      <Filter>src</Filter>
    </ClCompile>
    <ClCompile Include="src\SoundManager.cpp">
      <Filter>src</Filter>
    </ClCompile>
    <ClCompile Include="src\SpriteComponent.cpp">
      <Filter>src</Filter>
    </ClCompile>
    <ClCompile Include="src\MapState.cpp">
      <Filter>src</Filter>
    </ClCompile>
    <ClCompile Include="src\BattleState.cpp">
      <Filter>src</Filter>
    </ClCompile>
    <ClCompile Include="src\BulletActor.cpp">
      <Filter>src</Filter>
    </ClCompile>
    <ClCompile Include="src\BulletComponent.cpp">
      <Filter>src</Filter>
    </ClCompile>
    <ClCompile Include="src\BulletObject.cpp">
      <Filter>src</Filter>
    </ClCompile>
    <ClCompile Include="src\BoxComponent.cpp">
      <Filter>src</Filter>
    </ClCompile>
    <ClCompile Include="src\CreateActor.cpp">
      <Filter>src</Filter>
    </ClCompile>
    <ClCompile Include="src\UIStandardPanel.cpp">
      <Filter>src</Filter>
    </ClCompile>
    <ClCompile Include="src\Effect.cpp" />
    <ClCompile Include="src\ItemObject.cpp" />
    <ClCompile Include="src\ItemComponent.cpp" />
    <ClCompile Include="src\ItemManager.cpp" />
    <ClCompile Include="src\UIComponent.cpp" />
    <ClCompile Include="src\UICanvasComponent.cpp">
      <Filter>src</Filter>
    </ClCompile>
  </ItemGroup>
  <ItemGroup>
    <ClInclude Include="src\InputManager.h" />
    <ClInclude Include="src\ResourceManager.h" />
    <ClInclude Include="src\CollisionComponent.h" />
    <ClInclude Include="src\CollisionManager.h" />
    <ClInclude Include="src\CollisionObj.h" />
    <ClInclude Include="src\FontRendererComponent.h" />
    <ClInclude Include="src\GameMainCtrlComponent.h" />
    <ClInclude Include="src\Component.h" />
    <ClInclude Include="src\Define.h" />
    <ClInclude Include="src\GameActor.h" />
    <ClInclude Include="src\GameState.h" />
    <ClInclude Include="src\LoadCSVFile.h" />
    <ClInclude Include="src\ofApp.h" />
    <ClInclude Include="src\MoveComponent.h" />
    <ClInclude Include="src\SoundManager.h" />
    <ClInclude Include="src\SpriteComponent.h" />
    <ClInclude Include="src\stdComponent.h" />
    <ClInclude Include="src\stdMgr.h" />
    <Filter Include="src">
      <UniqueIdentifier>{d8376475-7454-4a24-b08a-aac121d3ad6f}</UniqueIdentifier>
    </Filter>
    <Filter Include="addons">
      <UniqueIdentifier>{71834F65-F3A9-211E-73B8-DC85}</UniqueIdentifier>
    </Filter>
    <Filter Include="addons\ofxGui">
      <UniqueIdentifier>{4F2A59AF-5F4E-704B-D067-EC13}</UniqueIdentifier>
    </Filter>
    <Filter Include="addons\ofxGui\src">
      <UniqueIdentifier>{645E9533-4DCD-6179-1CDF-CB65}</UniqueIdentifier>
    </Filter>
    <ClInclude Include="src\AnimationComponent.h">
      <Filter>src</Filter>
    </ClInclude>
    <ClInclude Include="src\AnimSeq.h">
      <Filter>src</Filter>
    </ClInclude>
    <ClInclude Include="src\BattleComponent.h">
      <Filter>src</Filter>
    </ClInclude>
    <ClInclude Include="src\EnemyActor.h">
      <Filter>src</Filter>
    </ClInclude>
    <ClInclude Include="src\EnemyComponent.h">
      <Filter>src</Filter>
    </ClInclude>
    <ClInclude Include="src\EnemyObject.h">
      <Filter>src</Filter>
    </ClInclude>
    <ClInclude Include="src\EnemyType.h">
      <Filter>src</Filter>
    </ClInclude>
    <ClInclude Include="src\MapComponent.h">
      <Filter>src</Filter>
    </ClInclude>
    <ClInclude Include="src\Parameter.h">
      <Filter>src</Filter>
    </ClInclude>
    <ClInclude Include="src\PlayerActor.h">
      <Filter>src</Filter>
    </ClInclude>
    <ClInclude Include="src\PlayerComponent.h">
      <Filter>src</Filter>
    </ClInclude>
    <ClInclude Include="src\MapState.h">
      <Filter>src</Filter>
    </ClInclude>
    <ClInclude Include="src\BattleState.h">
      <Filter>src</Filter>
    </ClInclude>
    <ClInclude Include="src\BulletActor.h">
      <Filter>src</Filter>
    </ClInclude>
    <ClInclude Include="src\BulletComponent.h">
      <Filter>src</Filter>
    </ClInclude>
    <ClInclude Include="src\BulletObject.h">
      <Filter>src</Filter>
    </ClInclude>
    <ClInclude Include="src\BoxComponent.h">
      <Filter>src</Filter>
    </ClInclude>
    <ClInclude Include="src\CreateActor.h">
      <Filter>src</Filter>
    </ClInclude>
    <ClInclude Include="src\UIStandardPanel.h">
      <Filter>src</Filter>
    </ClInclude>
    <ClInclude Include="src\Effect.h" />
    <ClInclude Include="src\ItemObject.h" />
    <ClInclude Include="src\ItemComponent.h" />
    <ClInclude Include="src\ItemType.h" />
    <ClInclude Include="src\ItemManager.h" />
    <ClInclude Include="src\UIComponent.h" />
    <ClInclude Include="src\UICanvasComponent.h">
      <Filter>src</Filter>
    </ClInclude>
  </ItemGroup>
  <ItemGroup>
    <ClInclude Include="..\..\..\addons\ofxGui\src\ofxBaseGui.h">
      <Filter>addons\ofxGui\src</Filter>
    </ClInclude>
    <ClInclude Include="..\..\..\addons\ofxGui\src\ofxButton.h">
      <Filter>addons\ofxGui\src</Filter>
    </ClInclude>
    <ClInclude Include="..\..\..\addons\ofxGui\src\ofxColorPicker.h">
      <Filter>addons\ofxGui\src</Filter>
    </ClInclude>
    <ClInclude Include="..\..\..\addons\ofxGui\src\ofxGui.h">
      <Filter>addons\ofxGui\src</Filter>
    </ClInclude>
    <ClInclude Include="..\..\..\addons\ofxGui\src\ofxGuiGroup.h">
      <Filter>addons\ofxGui\src</Filter>
    </ClInclude>
    <ClInclude Include="..\..\..\addons\ofxGui\src\ofxGuiUtils.h">
      <Filter>addons\ofxGui\src</Filter>
    </ClInclude>
    <ClInclude Include="..\..\..\addons\ofxGui\src\ofxInputField.h">
      <Filter>addons\ofxGui\src</Filter>
    </ClInclude>
    <ClInclude Include="..\..\..\addons\ofxGui\src\ofxLabel.h">
      <Filter>addons\ofxGui\src</Filter>
    </ClInclude>
    <ClInclude Include="..\..\..\addons\ofxGui\src\ofxPanel.h">
      <Filter>addons\ofxGui\src</Filter>
    </ClInclude>
    <ClInclude Include="..\..\..\addons\ofxGui\src\ofxSlider.h">
      <Filter>addons\ofxGui\src</Filter>
    </ClInclude>
    <ClInclude Include="..\..\..\addons\ofxGui\src\ofxSliderGroup.h">
      <Filter>addons\ofxGui\src</Filter>
    </ClInclude>
    <ClInclude Include="..\..\..\addons\ofxGui\src\ofxToggle.h">
      <Filter>addons\ofxGui\src</Filter>
    </ClInclude>
    <ClInclude Include="src\Define.h">
      <Filter>src</Filter>
    </ClInclude>
    <ClInclude Include="src\GameActor.h">
      <Filter>src</Filter>
    </ClInclude>
    <ClInclude Include="src\Component.h">
      <Filter>src</Filter>
    </ClInclude>
    <ClInclude Include="src\MoveComponent.h">
      <Filter>src</Filter>
    </ClInclude>
    <ClInclude Include="src\FontRendererComponent.h">
      <Filter>src</Filter>
    </ClInclude>
    <ClInclude Include="src\GameMainCtrlComponent.h">
      <Filter>src</Filter>
    </ClInclude>
    <ClInclude Include="src\GameState.h">
      <Filter>src</Filter>
    </ClInclude>
    <ClInclude Include="src\stdComponent.h">
      <Filter>src</Filter>
    </ClInclude>
    <ClInclude Include="src\CollisionComponent.h">
      <Filter>src</Filter>
    </ClInclude>
    <ClInclude Include="src\CollisionManager.h">
      <Filter>src</Filter>
    </ClInclude>
    <ClInclude Include="src\CollisionObj.h">
      <Filter>src</Filter>
    </ClInclude>
    <ClInclude Include="src\LoadCSVFile.h">
      <Filter>src</Filter>
    </ClInclude>
    <ClInclude Include="src\stdMgr.h">
      <Filter>src</Filter>
    </ClInclude>
    <ClInclude Include="src\SpriteComponent.h">
      <Filter>src</Filter>
    </ClInclude>
    <ClInclude Include="src\InputManager.h">
      <Filter>src</Filter>
    </ClInclude>
    <ClInclude Include="src\Font.h">
      <Filter>src</Filter>
    </ClInclude>
    <ClInclude Include="src\ResourceManager.h">
      <Filter>src</Filter>
    </ClInclude>
    <ClInclude Include="src\SoundManager.h">
      <Filter>src</Filter>
    </ClInclude>
    <ClInclude Include="src\Renderer.h">
      <Filter>src</Filter>
    </ClInclude>
    <ClInclude Include="src\Texture.h">
      <Filter>src</Filter>
    </ClInclude>
    <ClInclude Include="src\Actor.h">
      <Filter>src</Filter>
    </ClInclude>
    <ClInclude Include="src\BattleHUD.h">
      <Filter>src</Filter>
    </ClInclude>
    <ClInclude Include="src\ofApp.h">
      <Filter>src</Filter>
    </ClInclude>
    <ClInclude Include="src\UIFont.h">
      <Filter>src</Filter>
    </ClInclude>
    <ClInclude Include="src\UISprite.h">
      <Filter>src</Filter>
    </ClInclude>
    <ClInclude Include="src\UICommon.h">
      <Filter>src</Filter>
    </ClInclude>
    <ClInclude Include="src\UIPanel.h">
      <Filter>src</Filter>
    </ClInclude>
    <ClInclude Include="src\UIButton.h">
      <Filter>src</Filter>
    </ClInclude>
  </ItemGroup>
  <ItemGroup>
    <ResourceCompile Include="icon.rc" />
  </ItemGroup>
  <ItemGroup>
    <None Include="ClassDiagram.cd">
      <Filter>src</Filter>
    </None>
  </ItemGroup>
</Project>